Microsoft Visual Studio Solution File, Format Version 11.00
# Visual Studio 2008

Project("{0E2C8907-14F7-527A-60B3-E980518A7CDD}") = "Punchy Business", "Assembly-CSharp.csproj", "{EC74720A-41D1-C0BA-A59D-F67B083B8D76}"
EndProject
Global
	GlobalSection(SolutionConfigurationPlatforms) = preSolution
		Debug|Any CPU = Debug|Any CPU
		Release|Any CPU = Release|Any CPU
	EndGlobalSection
	GlobalSection(ProjectConfigurationPlatforms) = postSolution
		{EC74720A-41D1-C0BA-A59D-F67B083B8D76}.Debug|Any CPU.ActiveCfg = Debug|Any CPU
		{EC74720A-41D1-C0BA-A59D-F67B083B8D76}.Debug|Any CPU.Build.0 = Debug|Any CPU
		{EC74720A-41D1-C0BA-A59D-F67B083B8D76}.Release|Any CPU.ActiveCfg = Release|Any CPU
		{EC74720A-41D1-C0BA-A59D-F67B083B8D76}.Release|Any CPU.Build.0 = Release|Any CPU
	EndGlobalSection
	GlobalSection(SolutionProperties) = preSolution
		HideSolutionNode = FALSE
	EndGlobalSection
	GlobalSection(MonoDevelopProperties) = preSolution
		StartupItem = Assembly-CSharp.csproj
	EndGlobalSection
EndGlobal
